
Microsoft Visual Studio Solution File, Format Version 12.00
# Visual Studio Version 16
VisualStudioVersion = 16.0.29326.143
MinimumVisualStudioVersion = 10.0.40219.1
Project("{FAE04EC0-301F-11D3-BF4B-00C04F79EFBC}") = "MediaCalendar", "MediaCalendar\MediaCalendar.csproj", "{F867CF95-1510-4154-A81C-4CBDE39B4691}"
EndProject
Global
	GlobalSection(SolutionConfigurationPlatforms) = preSolution
		Debug|Any CPU = Debug|Any CPU
		Release|Any CPU = Release|Any CPU
	EndGlobalSection
	GlobalSection(ProjectConfigurationPlatforms) = postSolution
		{F867CF95-1510-4154-A81C-4CBDE39B4691}.Debug|Any CPU.ActiveCfg = Debug|Any CPU
		{F867CF95-1510-4154-A81C-4CBDE39B4691}.Debug|Any CPU.Build.0 = Debug|Any CPU
		{F867CF95-1510-4154-A81C-4CBDE39B4691}.Release|Any CPU.ActiveCfg = Release|Any CPU
		{F867CF95-1510-4154-A81C-4CBDE39B4691}.Release|Any CPU.Build.0 = Release|Any CPU
	EndGlobalSection
	GlobalSection(SolutionProperties) = preSolution
		HideSolutionNode = FALSE
	EndGlobalSection
	GlobalSection(ExtensibilityGlobals) = postSolution
		SolutionGuid = {F104B0EF-8BE3-4D62-8DF6-CD1D16D2F225}
	EndGlobalSection
EndGlobal
